
Microsoft Visual Studio Solution File, Format Version 12.00
# Visual Studio 14
VisualStudioVersion = 14.0.25123.0
MinimumVisualStudioVersion = 10.0.40219.1
Project("{FAE04EC0-301F-11D3-BF4B-00C04F79EFBC}") = "Flagger", "Flagger\Flagger.csproj", "{B08EF9FF-EA29-425C-B90E-E848ECC6ABC5}"
EndProject
Project("{FAE04EC0-301F-11D3-BF4B-00C04F79EFBC}") = "Flagger.Tests", "Flagger.Tests\Flagger.Tests.csproj", "{867E1DF9-4E44-4072-8232-04F6624D9282}"
EndProject
Global
	GlobalSection(SolutionConfigurationPlatforms) = preSolution
		Debug|Any CPU = Debug|Any CPU
		Release|Any CPU = Release|Any CPU
	EndGlobalSection
	GlobalSection(ProjectConfigurationPlatforms) = postSolution
		{B08EF9FF-EA29-425C-B90E-E848ECC6ABC5}.Debug|Any CPU.ActiveCfg = Debug|Any CPU
		{B08EF9FF-EA29-425C-B90E-E848ECC6ABC5}.Debug|Any CPU.Build.0 = Debug|Any CPU
		{B08EF9FF-EA29-425C-B90E-E848ECC6ABC5}.Release|Any CPU.ActiveCfg = Release|Any CPU
		{B08EF9FF-EA29-425C-B90E-E848ECC6ABC5}.Release|Any CPU.Build.0 = Release|Any CPU
		{867E1DF9-4E44-4072-8232-04F6624D9282}.Debug|Any CPU.ActiveCfg = Debug|Any CPU
		{867E1DF9-4E44-4072-8232-04F6624D9282}.Debug|Any CPU.Build.0 = Debug|Any CPU
		{867E1DF9-4E44-4072-8232-04F6624D9282}.Release|Any CPU.ActiveCfg = Release|Any CPU
		{867E1DF9-4E44-4072-8232-04F6624D9282}.Release|Any CPU.Build.0 = Release|Any CPU
	EndGlobalSection
	GlobalSection(SolutionProperties) = preSolution
		HideSolutionNode = FALSE
	EndGlobalSection
EndGlobal
